{
  "version": 4,
  "terraform_version": "1.14.4",
  "serial": 29,
  "lineage": "8a4afd86-c44f-9ef4-4eeb-ba9de4a3be23",
  "outputs": {},
  "resources": [
    {
      "mode": "managed",
      "type": "kafka_topic",
      "name": "cdp_address_v1",
      "provider": "provider[\"registry.terraform.io/mongey/kafka\"]",
      "instances": [
        {
          "schema_version": 0,
          "attributes": {
            "config": {
              "cleanup.policy": "delete"
            },
            "id": "cdp.address.v1",
            "name": "cdp.address.v1",
            "partitions": 3,
            "replication_factor": 1
          },
          "sensitive_attributes": [],
          "identity_schema_version": 0,
          "private": "bnVsbA=="
        }
      ]
    },
    {
      "mode": "managed",
      "type": "kafka_topic",
      "name": "cdp_company_v1",
      "provider": "provider[\"registry.terraform.io/mongey/kafka\"]",
      "instances": [
        {
          "schema_version": 0,
          "attributes": {
            "config": {
              "cleanup.policy": "delete"
            },
            "id": "cdp.company.v1",
            "name": "cdp.company.v1",
            "partitions": 3,
            "replication_factor": 1
          },
          "sensitive_attributes": [],
          "identity_schema_version": 0,
          "private": "bnVsbA=="
        }
      ]
    },
    {
      "mode": "managed",
      "type": "kafka_topic",
      "name": "cdp_contact_v1",
      "provider": "provider[\"registry.terraform.io/mongey/kafka\"]",
      "instances": [
        {
          "schema_version": 0,
          "attributes": {
            "config": {
              "cleanup.policy": "delete"
            },
            "id": "cdp.contact.v1",
            "name": "cdp.contact.v1",
            "partitions": 3,
            "replication_factor": 1
          },
          "sensitive_attributes": [],
          "identity_schema_version": 0,
          "private": "bnVsbA=="
        }
      ]
    },
    {
      "mode": "managed",
      "type": "kafka_topic",
      "name": "cdp_customer_v1",
      "provider": "provider[\"registry.terraform.io/mongey/kafka\"]",
      "instances": [
        {
          "schema_version": 0,
          "attributes": {
            "config": {
              "cleanup.policy": "delete"
            },
            "id": "cdp.customer.v1",
            "name": "cdp.customer.v1",
            "partitions": 3,
            "replication_factor": 1
          },
          "sensitive_attributes": [],
          "identity_schema_version": 0,
          "private": "bnVsbA=="
        }
      ]
    },
    {
      "mode": "managed",
      "type": "kafka_topic",
      "name": "cdp_kyc_v1",
      "provider": "provider[\"registry.terraform.io/mongey/kafka\"]",
      "instances": [
        {
          "schema_version": 0,
          "attributes": {
            "config": {
              "cleanup.policy": "delete"
            },
            "id": "cdp.kyc.v1",
            "name": "cdp.kyc.v1",
            "partitions": 3,
            "replication_factor": 1
          },
          "sensitive_attributes": [],
          "identity_schema_version": 0,
          "private": "bnVsbA=="
        }
      ]
    },
    {
      "mode": "managed",
      "type": "kafka_topic",
      "name": "cdp_login_v1",
      "provider": "provider[\"registry.terraform.io/mongey/kafka\"]",
      "instances": [
        {
          "schema_version": 0,
          "attributes": {
            "config": {
              "cleanup.policy": "delete"
            },
            "id": "cdp.login.v1",
            "name": "cdp.login.v1",
            "partitions": 3,
            "replication_factor": 1
          },
          "sensitive_attributes": [],
          "identity_schema_version": 0,
          "private": "bnVsbA=="
        }
      ]
    },
    {
      "mode": "managed",
      "type": "kafka_topic",
      "name": "cdp_person_v1",
      "provider": "provider[\"registry.terraform.io/mongey/kafka\"]",
      "instances": [
        {
          "schema_version": 0,
          "attributes": {
            "config": {
              "cleanup.policy": "delete"
            },
            "id": "cdp.person.v1",
            "name": "cdp.person.v1",
            "partitions": 3,
            "replication_factor": 1
          },
          "sensitive_attributes": [],
          "identity_schema_version": 0,
          "private": "bnVsbA=="
        }
      ]
    },
    {
      "mode": "managed",
      "type": "kafka_topic",
      "name": "cdp_portfolio_v1",
      "provider": "provider[\"registry.terraform.io/mongey/kafka\"]",
      "instances": [
        {
          "schema_version": 0,
          "attributes": {
            "config": {
              "cleanup.policy": "delete"
            },
            "id": "cdp.portfolio.v1",
            "name": "cdp.portfolio.v1",
            "partitions": 3,
            "replication_factor": 1
          },
          "sensitive_attributes": [],
          "identity_schema_version": 0,
          "private": "bnVsbA=="
        }
      ]
    }
  ],
  "check_results": null
}
